
Microsoft Visual Studio Solution File, Format Version 12.00
# Visual Studio Version 17
VisualStudioVersion = 17.5.33516.290
MinimumVisualStudioVersion = 10.0.40219.1
Project("{9A19103F-16F7-4668-BE54-9A1E7A4F7556}") = "1_DAL", "1_DAL\1_DAL.csproj", "{3ED3FC2F-63FC-4508-921D-DCF40CEF402A}"
EndProject
Project("{9A19103F-16F7-4668-BE54-9A1E7A4F7556}") = "2_BUS", "2_BUS\2_BUS.csproj", "{A8912594-F201-4A4A-A7A1-DDFBA0EB6047}"
EndProject
Project("{FAE04EC0-301F-11D3-BF4B-00C04F79EFBC}") = "3_GUI", "3_GUI\3_GUI.csproj", "{256EAC44-AD83-4A23-8B37-C1CE907B24A6}"
EndProject
Global
	GlobalSection(SolutionConfigurationPlatforms) = preSolution
		Debug|Any CPU = Debug|Any CPU
		Release|Any CPU = Release|Any CPU
	EndGlobalSection
	GlobalSection(ProjectConfigurationPlatforms) = postSolution
		{3ED3FC2F-63FC-4508-921D-DCF40CEF402A}.Debug|Any CPU.ActiveCfg = Debug|Any CPU
		{3ED3FC2F-63FC-4508-921D-DCF40CEF402A}.Debug|Any CPU.Build.0 = Debug|Any CPU
		{3ED3FC2F-63FC-4508-921D-DCF40CEF402A}.Release|Any CPU.ActiveCfg = Release|Any CPU
		{3ED3FC2F-63FC-4508-921D-DCF40CEF402A}.Release|Any CPU.Build.0 = Release|Any CPU
		{A8912594-F201-4A4A-A7A1-DDFBA0EB6047}.Debug|Any CPU.ActiveCfg = Debug|Any CPU
		{A8912594-F201-4A4A-A7A1-DDFBA0EB6047}.Debug|Any CPU.Build.0 = Debug|Any CPU
		{A8912594-F201-4A4A-A7A1-DDFBA0EB6047}.Release|Any CPU.ActiveCfg = Release|Any CPU
		{A8912594-F201-4A4A-A7A1-DDFBA0EB6047}.Release|Any CPU.Build.0 = Release|Any CPU
		{256EAC44-AD83-4A23-8B37-C1CE907B24A6}.Debug|Any CPU.ActiveCfg = Debug|Any CPU
		{256EAC44-AD83-4A23-8B37-C1CE907B24A6}.Debug|Any CPU.Build.0 = Debug|Any CPU
		{256EAC44-AD83-4A23-8B37-C1CE907B24A6}.Release|Any CPU.ActiveCfg = Release|Any CPU
		{256EAC44-AD83-4A23-8B37-C1CE907B24A6}.Release|Any CPU.Build.0 = Release|Any CPU
	EndGlobalSection
	GlobalSection(SolutionProperties) = preSolution
		HideSolutionNode = FALSE
	EndGlobalSection
	GlobalSection(ExtensibilityGlobals) = postSolution
		SolutionGuid = {A809BA13-AE16-4DA1-8CA8-58A4B77CEAF0}
	EndGlobalSection
EndGlobal
